
Microsoft Visual Studio Solution File, Format Version 12.00
# Visual Studio Version 17
VisualStudioVersion = 17.7.34221.43
MinimumVisualStudioVersion = 10.0.40219.1
Project("{FAE04EC0-301F-11D3-BF4B-00C04F79EFBC}") = "ProiectPatterns", "ProiectPatterns.csproj", "{A17B8BDA-A58D-4490-994E-7F22E59C1956}"
EndProject
Global
	GlobalSection(SolutionConfigurationPlatforms) = preSolution
		Debug|Any CPU = Debug|Any CPU
		Release|Any CPU = Release|Any CPU
	EndGlobalSection
	GlobalSection(ProjectConfigurationPlatforms) = postSolution
		{A17B8BDA-A58D-4490-994E-7F22E59C1956}.Debug|Any CPU.ActiveCfg = Debug|Any CPU
		{A17B8BDA-A58D-4490-994E-7F22E59C1956}.Debug|Any CPU.Build.0 = Debug|Any CPU
		{A17B8BDA-A58D-4490-994E-7F22E59C1956}.Release|Any CPU.ActiveCfg = Release|Any CPU
		{A17B8BDA-A58D-4490-994E-7F22E59C1956}.Release|Any CPU.Build.0 = Release|Any CPU
	EndGlobalSection
	GlobalSection(SolutionProperties) = preSolution
		HideSolutionNode = FALSE
	EndGlobalSection
	GlobalSection(ExtensibilityGlobals) = postSolution
		SolutionGuid = {C8B49A87-8665-47ED-89BF-6596A234B6D0}
	EndGlobalSection
EndGlobal
